// !$*UTF8*$!
{
	archiveVersion = 1;
	classes = {
	};
	objectVersion = 46;
	objects = {

/* Begin PBXBuildFile section */
		1871992B19AE797D002ABA55 /* Foundation.framework in Frameworks */ = {isa = PBXBuildFile; fileRef = 1871992A19AE797D002ABA55 /* Foundation.framework */; };
		1871992D19AE797D002ABA55 /* CoreGraphics.framework in Frameworks */ = {isa = PBXBuildFile; fileRef = 1871992C19AE797D002ABA55 /* CoreGraphics.framework */; };
		1871992F19AE797D002ABA55 /* UIKit.framework in Frameworks */ = {isa = PBXBuildFile; fileRef = 1871992E19AE797D002ABA55 /* UIKit.framework */; };
		1871993519AE797D002ABA55 /* InfoPlist.strings in Resources */ = {isa = PBXBuildFile; fileRef = 1871993319AE797D002ABA55 /* InfoPlist.strings */; };
		1871993719AE797D002ABA55 /* main.m in Sources */ = {isa = PBXBuildFile; fileRef = 1871993619AE797D002ABA55 /* main.m */; };
		1871993B19AE797D002ABA55 /* TableViewAppDelegate.m in Sources */ = {isa = PBXBuildFile; fileRef = 1871993A19AE797D002ABA55 /* TableViewAppDelegate.m */; };
		1871993E19AE797D002ABA55 /* Main.storyboard in Resources */ = {isa = PBXBuildFile; fileRef = 1871993C19AE797D002ABA55 /* Main.storyboard */; };
		1871994319AE797D002ABA55 /* Images.xcassets in Resources */ = {isa = PBXBuildFile; fileRef = 1871994219AE797D002ABA55 /* Images.xcassets */; };
		1871994A19AE797E002ABA55 /* XCTest.framework in Frameworks */ = {isa = PBXBuildFile; fileRef = 1871994919AE797E002ABA55 /* XCTest.framework */; };
		1871994B19AE797E002ABA55 /* Foundation.framework in Frameworks */ = {isa = PBXBuildFile; fileRef = 1871992A19AE797D002ABA55 /* Foundation.framework */; };
		1871994C19AE797E002ABA55 /* UIKit.framework in Frameworks */ = {isa = PBXBuildFile; fileRef = 1871992E19AE797D002ABA55 /* UIKit.framework */; };
		1871995419AE797F002ABA55 /* InfoPlist.strings in Resources */ = {isa = PBXBuildFile; fileRef = 1871995219AE797F002ABA55 /* InfoPlist.strings */; };
		1871995619AE797F002ABA55 /* TableViewTests.m in Sources */ = {isa = PBXBuildFile; fileRef = 1871995519AE797F002ABA55 /* TableViewTests.m */; };
		1871996119AE7BBB002ABA55 /* TableViewController.m in Sources */ = {isa = PBXBuildFile; fileRef = 1871996019AE7BBB002ABA55 /* TableViewController.m */; };
		1871996619AE7ECA002ABA55 /* georgewashington.jpg in Resources */ = {isa = PBXBuildFile; fileRef = 1871996319AE7ECA002ABA55 /* georgewashington.jpg */; };
		1871996719AE7ECA002ABA55 /* johnadams.jpg in Resources */ = {isa = PBXBuildFile; fileRef = 1871996419AE7ECA002ABA55 /* johnadams.jpg */; };
		1871996819AE7ECA002ABA55 /* thomasjefferson.jpg in Resources */ = {isa = PBXBuildFile; fileRef = 1871996519AE7ECA002ABA55 /* thomasjefferson.jpg */; };
		1871996B19AE7F6E002ABA55 /* TableViewCell.m in Sources */ = {isa = PBXBuildFile; fileRef = 1871996A19AE7F6E002ABA55 /* TableViewCell.m */; };
		1871996E19AE93D5002ABA55 /* DetailViewController.m in Sources */ = {isa = PBXBuildFile; fileRef = 1871996D19AE93D5002ABA55 /* DetailViewController.m */; };
		18E1399D19AEBCBB006DB2CD /* background.jpg in Resources */ = {isa = PBXBuildFile; fileRef = 18E1399C19AEBCBB006DB2CD /* background.jpg */; };
		18E139A019AEF3D1006DB2CD /* Dislike.jpg in Resources */ = {isa = PBXBuildFile; fileRef = 18E1399E19AEF3D1006DB2CD /* Dislike.jpg */; };
		18E139A119AEF3D1006DB2CD /* Like.jpg in Resources */ = {isa = PBXBuildFile; fileRef = 18E1399F19AEF3D1006DB2CD /* Like.jpg */; };
/* End PBXBuildFile section */

/* Begin PBXContainerItemProxy section */
		1871994D19AE797E002ABA55 /* PBXContainerItemProxy */ = {
			isa = PBXContainerItemProxy;
			containerPortal = 1871991F19AE797D002ABA55 /* Project object */;
			proxyType = 1;
			remoteGlobalIDString = 1871992619AE797D002ABA55;
			remoteInfo = TableView;
		};
/* End PBXContainerItemProxy section */

/* Begin PBXFileReference section */
		1871992719AE797D002ABA55 /* TableView.app */ = {isa = PBXFileReference; explicitFileType = wrapper.application; includeInIndex = 0; path = TableView.app; sourceTree = BUILT_PRODUCTS_DIR; };
		1871992A19AE797D002ABA55 /* Foundation.framework */ = {isa = PBXFileReference; lastKnownFileType = wrapper.framework; name = Foundation.framework; path = System/Library/Frameworks/Foundation.framework; sourceTree = SDKROOT; };
		1871992C19AE797D002ABA55 /* CoreGraphics.framework */ = {isa = PBXFileReference; lastKnownFileType = wrapper.framework; name = CoreGraphics.framework; path = System/Library/Frameworks/CoreGraphics.framework; sourceTree = SDKROOT; };
		1871992E19AE797D002ABA55 /* UIKit.framework */ = {isa = PBXFileReference; lastKnownFileType = wrapper.framework; name = UIKit.framework; path = System/Library/Frameworks/UIKit.framework; sourceTree = SDKROOT; };
		1871993219AE797D002ABA55 /* TableView-Info.plist */ = {isa = PBXFileReference; lastKnownFileType = text.plist.xml; path = "TableView-Info.plist"; sourceTree = "<group>"; };
		1871993419AE797D002ABA55 /* en */ = {isa = PBXFileReference; lastKnownFileType = text.plist.strings; name = en; path = en.lproj/InfoPlist.strings; sourceTree = "<group>"; };
		1871993619AE797D002ABA55 /* main.m */ = {isa = PBXFileReference; lastKnownFileType = sourcecode.c.objc; path = main.m; sourceTree = "<group>"; };
		1871993819AE797D002ABA55 /* TableView-Prefix.pch */ = {isa = PBXFileReference; lastKnownFileType = sourcecode.c.h; path = "TableView-Prefix.pch"; sourceTree = "<group>"; };
		1871993919AE797D002ABA55 /* TableViewAppDelegate.h */ = {isa = PBXFileReference; lastKnownFileType = sourcecode.c.h; path = TableViewAppDelegate.h; sourceTree = "<group>"; };
		1871993A19AE797D002ABA55 /* TableViewAppDelegate.m */ = {isa = PBXFileReference; lastKnownFileType = sourcecode.c.objc; path = TableViewAppDelegate.m; sourceTree = "<group>"; };
		1871993D19AE797D002ABA55 /* Base */ = {isa = PBXFileReference; lastKnownFileType = file.storyboard; name = Base; path = Base.lproj/Main.storyboard; sourceTree = "<group>"; };
		1871994219AE797D002ABA55 /* Images.xcassets */ = {isa = PBXFileReference; lastKnownFileType = folder.assetcatalog; path = Images.xcassets; sourceTree = "<group>"; };
		1871994819AE797E002ABA55 /* TableViewTests.xctest */ = {isa = PBXFileReference; explicitFileType = wrapper.cfbundle; includeInIndex = 0; path = TableViewTests.xctest; sourceTree = BUILT_PRODUCTS_DIR; };
		1871994919AE797E002ABA55 /* XCTest.framework */ = {isa = PBXFileReference; lastKnownFileType = wrapper.framework; name = XCTest.framework; path = Library/Frameworks/XCTest.framework; sourceTree = DEVELOPER_DIR; };
		1871995119AE797F002ABA55 /* TableViewTests-Info.plist */ = {isa = PBXFileReference; lastKnownFileType = text.plist.xml; path = "TableViewTests-Info.plist"; sourceTree = "<group>"; };
		1871995319AE797F002ABA55 /* en */ = {isa = PBXFileReference; lastKnownFileType = text.plist.strings; name = en; path = en.lproj/InfoPlist.strings; sourceTree = "<group>"; };
		1871995519AE797F002ABA55 /* TableViewTests.m */ = {isa = PBXFileReference; lastKnownFileType = sourcecode.c.objc; path = TableViewTests.m; sourceTree = "<group>"; };
		1871995F19AE7BBB002ABA55 /* TableViewController.h */ = {isa = PBXFileReference; fileEncoding = 4; lastKnownFileType = sourcecode.c.h; path = TableViewController.h; sourceTree = "<group>"; };
		1871996019AE7BBB002ABA55 /* TableViewController.m */ = {isa = PBXFileReference; fileEncoding = 4; lastKnownFileType = sourcecode.c.objc; path = TableViewController.m; sourceTree = "<group>"; };
		1871996319AE7ECA002ABA55 /* georgewashington.jpg */ = {isa = PBXFileReference; lastKnownFileType = image.jpeg; path = georgewashington.jpg; sourceTree = "<group>"; };
		1871996419AE7ECA002ABA55 /* johnadams.jpg */ = {isa = PBXFileReference; lastKnownFileType = image.jpeg; path = johnadams.jpg; sourceTree = "<group>"; };
		1871996519AE7ECA002ABA55 /* thomasjefferson.jpg */ = {isa = PBXFileReference; lastKnownFileType = image.jpeg; path = thomasjefferson.jpg; sourceTree = "<group>"; };
		1871996919AE7F6E002ABA55 /* TableViewCell.h */ = {isa = PBXFileReference; fileEncoding = 4; lastKnownFileType = sourcecode.c.h; path = TableViewCell.h; sourceTree = "<group>"; };
		1871996A19AE7F6E002ABA55 /* TableViewCell.m */ = {isa = PBXFileReference; fileEncoding = 4; lastKnownFileType = sourcecode.c.objc; path = TableViewCell.m; sourceTree = "<group>"; };
		1871996C19AE93D4002ABA55 /* DetailViewController.h */ = {isa = PBXFileReference; fileEncoding = 4; lastKnownFileType = sourcecode.c.h; path = DetailViewController.h; sourceTree = "<group>"; };
		1871996D19AE93D5002ABA55 /* DetailViewController.m */ = {isa = PBXFileReference; fileEncoding = 4; lastKnownFileType = sourcecode.c.objc; path = DetailViewController.m; sourceTree = "<group>"; };
		18E1399C19AEBCBB006DB2CD /* background.jpg */ = {isa = PBXFileReference; lastKnownFileType = image.jpeg; path = background.jpg; sourceTree = "<group>"; };
		18E1399E19AEF3D1006DB2CD /* Dislike.jpg */ = {isa = PBXFileReference; lastKnownFileType = image.jpeg; path = Dislike.jpg; sourceTree = "<group>"; };
		18E1399F19AEF3D1006DB2CD /* Like.jpg */ = {isa = PBXFileReference; lastKnownFileType = image.jpeg; path = Like.jpg; sourceTree = "<group>"; };
/* End PBXFileReference section */

/* Begin PBXFrameworksBuildPhase section */
		1871992419AE797D002ABA55 /* Frameworks */ = {
			isa = PBXFrameworksBuildPhase;
			buildActionMask = 2147483647;
			files = (
				1871992D19AE797D002ABA55 /* CoreGraphics.framework in Frameworks */,
				1871992F19AE797D002ABA55 /* UIKit.framework in Frameworks */,
				1871992B19AE797D002ABA55 /* Foundation.framework in Frameworks */,
			);
			runOnlyForDeploymentPostprocessing = 0;
		};
		1871994519AE797E002ABA55 /* Frameworks */ = {
			isa = PBXFrameworksBuildPhase;
			buildActionMask = 2147483647;
			files = (
				1871994A19AE797E002ABA55 /* XCTest.framework in Frameworks */,
				1871994C19AE797E002ABA55 /* UIKit.framework in Frameworks */,
				1871994B19AE797E002ABA55 /* Foundation.framework in Frameworks */,
			);
			runOnlyForDeploymentPostprocessing = 0;
		};
/* End PBXFrameworksBuildPhase section */

/* Begin PBXGroup section */
		1871991E19AE797D002ABA55 = {
			isa = PBXGroup;
			children = (
				1871993019AE797D002ABA55 /* TableView */,
				1871994F19AE797E002ABA55 /* TableViewTests */,
				1871992919AE797D002ABA55 /* Frameworks */,
				1871992819AE797D002ABA55 /* Products */,
			);
			sourceTree = "<group>";
		};
		1871992819AE797D002ABA55 /* Products */ = {
			isa = PBXGroup;
			children = (
				1871992719AE797D002ABA55 /* TableView.app */,
				1871994819AE797E002ABA55 /* TableViewTests.xctest */,
			);
			name = Products;
			sourceTree = "<group>";
		};
		1871992919AE797D002ABA55 /* Frameworks */ = {
			isa = PBXGroup;
			children = (
				1871992A19AE797D002ABA55 /* Foundation.framework */,
				1871992C19AE797D002ABA55 /* CoreGraphics.framework */,
				1871992E19AE797D002ABA55 /* UIKit.framework */,
				1871994919AE797E002ABA55 /* XCTest.framework */,
			);
			name = Frameworks;
			sourceTree = "<group>";
		};
		1871993019AE797D002ABA55 /* TableView */ = {
			isa = PBXGroup;
			children = (
				1871993C19AE797D002ABA55 /* Main.storyboard */,
				1871995F19AE7BBB002ABA55 /* TableViewController.h */,
				1871996019AE7BBB002ABA55 /* TableViewController.m */,
				1871996919AE7F6E002ABA55 /* TableViewCell.h */,
				1871996A19AE7F6E002ABA55 /* TableViewCell.m */,
				1871996C19AE93D4002ABA55 /* DetailViewController.h */,
				1871996D19AE93D5002ABA55 /* DetailViewController.m */,
				1871994219AE797D002ABA55 /* Images.xcassets */,
				1871993119AE797D002ABA55 /* Supporting Files */,
			);
			path = TableView;
			sourceTree = "<group>";
		};
		1871993119AE797D002ABA55 /* Supporting Files */ = {
			isa = PBXGroup;
			children = (
				1871996219AE7ECA002ABA55 /* Image */,
				1871993219AE797D002ABA55 /* TableView-Info.plist */,
				1871993919AE797D002ABA55 /* TableViewAppDelegate.h */,
				1871993A19AE797D002ABA55 /* TableViewAppDelegate.m */,
				1871993319AE797D002ABA55 /* InfoPlist.strings */,
				1871993619AE797D002ABA55 /* main.m */,
				1871993819AE797D002ABA55 /* TableView-Prefix.pch */,
			);
			name = "Supporting Files";
			sourceTree = "<group>";
		};
		1871994F19AE797E002ABA55 /* TableViewTests */ = {
			isa = PBXGroup;
			children = (
				1871995519AE797F002ABA55 /* TableViewTests.m */,
				1871995019AE797F002ABA55 /* Supporting Files */,
			);
			path = TableViewTests;
			sourceTree = "<group>";
		};
		1871995019AE797F002ABA55 /* Supporting Files */ = {
			isa = PBXGroup;
			children = (
				1871995119AE797F002ABA55 /* TableViewTests-Info.plist */,
				1871995219AE797F002ABA55 /* InfoPlist.strings */,
			);
			name = "Supporting Files";
			sourceTree = "<group>";
		};
		1871996219AE7ECA002ABA55 /* Image */ = {
			isa = PBXGroup;
			children = (
				18E1399E19AEF3D1006DB2CD /* Dislike.jpg */,
				18E1399F19AEF3D1006DB2CD /* Like.jpg */,
				18E1399C19AEBCBB006DB2CD /* background.jpg */,
				1871996319AE7ECA002ABA55 /* georgewashington.jpg */,
				1871996419AE7ECA002ABA55 /* johnadams.jpg */,
				1871996519AE7ECA002ABA55 /* thomasjefferson.jpg */,
			);
			path = Image;
			sourceTree = SOURCE_ROOT;
		};
/* End PBXGroup section */

/* Begin PBXNativeTarget section */
		1871992619AE797D002ABA55 /* TableView */ = {
			isa = PBXNativeTarget;
			buildConfigurationList = 1871995919AE797F002ABA55 /* Build configuration list for PBXNativeTarget "TableView" */;
			buildPhases = (
				1871992319AE797D002ABA55 /* Sources */,
				1871992419AE797D002ABA55 /* Frameworks */,
				1871992519AE797D002ABA55 /* Resources */,
			);
			buildRules = (
			);
			dependencies = (
			);
			name = TableView;
			productName = TableView;
			productReference = 1871992719AE797D002ABA55 /* TableView.app */;
			productType = "com.apple.product-type.application";
		};
		1871994719AE797E002ABA55 /* TableViewTests */ = {
			isa = PBXNativeTarget;
			buildConfigurationList = 1871995C19AE797F002ABA55 /* Build configuration list for PBXNativeTarget "TableViewTests" */;
			buildPhases = (
				1871994419AE797E002ABA55 /* Sources */,
				1871994519AE797E002ABA55 /* Frameworks */,
				1871994619AE797E002ABA55 /* Resources */,
			);
			buildRules = (
			);
			dependencies = (
				1871994E19AE797E002ABA55 /* PBXTargetDependency */,
			);
			name = TableViewTests;
			productName = TableViewTests;
			productReference = 1871994819AE797E002ABA55 /* TableViewTests.xctest */;
			productType = "com.apple.product-type.bundle.unit-test";
		};
/* End PBXNativeTarget section */

/* Begin PBXProject section */
		1871991F19AE797D002ABA55 /* Project object */ = {
			isa = PBXProject;
			attributes = {
				CLASSPREFIX = TableView;
				LastUpgradeCheck = 0510;
				ORGANIZATIONNAME = "Xiaoying Wang";
				TargetAttributes = {
					1871994719AE797E002ABA55 = {
						TestTargetID = 1871992619AE797D002ABA55;
					};
				};
			};
			buildConfigurationList = 1871992219AE797D002ABA55 /* Build configuration list for PBXProject "TableView" */;
			compatibilityVersion = "Xcode 3.2";
			developmentRegion = English;
			hasScannedForEncodings = 0;
			knownRegions = (
				en,
				Base,
			);
			mainGroup = 1871991E19AE797D002ABA55;
			productRefGroup = 1871992819AE797D002ABA55 /* Products */;
			projectDirPath = "";
			projectRoot = "";
			targets = (
				1871992619AE797D002ABA55 /* TableView */,
				1871994719AE797E002ABA55 /* TableViewTests */,
			);
		};
/* End PBXProject section */

/* Begin PBXResourcesBuildPhase section */
		1871992519AE797D002ABA55 /* Resources */ = {
			isa = PBXResourcesBuildPhase;
			buildActionMask = 2147483647;
			files = (
				1871996719AE7ECA002ABA55 /* johnadams.jpg in Resources */,
				1871994319AE797D002ABA55 /* Images.xcassets in Resources */,
				18E139A119AEF3D1006DB2CD /* Like.jpg in Resources */,
				18E1399D19AEBCBB006DB2CD /* background.jpg in Resources */,
				1871993519AE797D002ABA55 /* InfoPlist.strings in Resources */,
				1871996619AE7ECA002ABA55 /* georgewashington.jpg in Resources */,
				1871996819AE7ECA002ABA55 /* thomasjefferson.jpg in Resources */,
				1871993E19AE797D002ABA55 /* Main.storyboard in Resources */,
				18E139A019AEF3D1006DB2CD /* Dislike.jpg in Resources */,
			);
			runOnlyForDeploymentPostprocessing = 0;
		};
		1871994619AE797E002ABA55 /* Resources */ = {
			isa = PBXResourcesBuildPhase;
			buildActionMask = 2147483647;
			files = (
				1871995419AE797F002ABA55 /* InfoPlist.strings in Resources */,
			);
			runOnlyForDeploymentPostprocessing = 0;
		};
/* End PBXResourcesBuildPhase section */

/* Begin PBXSourcesBuildPhase section */
		1871992319AE797D002ABA55 /* Sources */ = {
			isa = PBXSourcesBuildPhase;
			buildActionMask = 2147483647;
			files = (
				1871996E19AE93D5002ABA55 /* DetailViewController.m in Sources */,
				1871993B19AE797D002ABA55 /* TableViewAppDelegate.m in Sources */,
				1871996B19AE7F6E002ABA55 /* TableViewCell.m in Sources */,
				1871996119AE7BBB002ABA55 /* TableViewController.m in Sources */,
				1871993719AE797D002ABA55 /* main.m in Sources */,
			);
			runOnlyForDeploymentPostprocessing = 0;
		};
		1871994419AE797E002ABA55 /* Sources */ = {
			isa = PBXSourcesBuildPhase;
			buildActionMask = 2147483647;
			files = (
				1871995619AE797F002ABA55 /* TableViewTests.m in Sources */,
			);
			runOnlyForDeploymentPostprocessing = 0;
		};
/* End PBXSourcesBuildPhase section */

/* Begin PBXTargetDependency section */
		1871994E19AE797E002ABA55 /* PBXTargetDependency */ = {
			isa = PBXTargetDependency;
			target = 1871992619AE797D002ABA55 /* TableView */;
			targetProxy = 1871994D19AE797E002ABA55 /* PBXContainerItemProxy */;
		};
/* End PBXTargetDependency section */

/* Begin PBXVariantGroup section */
		1871993319AE797D002ABA55 /* InfoPlist.strings */ = {
			isa = PBXVariantGroup;
			children = (
				1871993419AE797D002ABA55 /* en */,
			);
			name = InfoPlist.strings;
			sourceTree = "<group>";
		};
		1871993C19AE797D002ABA55 /* Main.storyboard */ = {
			isa = PBXVariantGroup;
			children = (
				1871993D19AE797D002ABA55 /* Base */,
			);
			name = Main.storyboard;
			sourceTree = "<group>";
		};
		1871995219AE797F002ABA55 /* InfoPlist.strings */ = {
			isa = PBXVariantGroup;
			children = (
				1871995319AE797F002ABA55 /* en */,
			);
			name = InfoPlist.strings;
			sourceTree = "<group>";
		};
/* End PBXVariantGroup section */

/* Begin XCBuildConfiguration section */
		1871995719AE797F002ABA55 /* Debug */ = {
			isa = XCBuildConfiguration;
			buildSettings = {
				ALWAYS_SEARCH_USER_PATHS = NO;
				CLANG_CXX_LANGUAGE_STANDARD = "gnu++0x";
				CLANG_CXX_LIBRARY = "libc++";
				CLANG_ENABLE_MODULES = YES;
				CLANG_ENABLE_OBJC_ARC = YES;
				CLANG_WARN_BOOL_CONVERSION = YES;
				CLANG_WARN_CONSTANT_CONVERSION = YES;
				CLANG_WARN_DIRECT_OBJC_ISA_USAGE = YES_ERROR;
				CLANG_WARN_EMPTY_BODY = YES;
				CLANG_WARN_ENUM_CONVERSION = YES;
				CLANG_WARN_INT_CONVERSION = YES;
				CLANG_WARN_OBJC_ROOT_CLASS = YES_ERROR;
				CLANG_WARN__DUPLICATE_METHOD_MATCH = YES;
				"CODE_SIGN_IDENTITY[sdk=iphoneos*]" = "iPhone Developer";
				COPY_PHASE_STRIP = NO;
				GCC_C_LANGUAGE_STANDARD = gnu99;
				GCC_DYNAMIC_NO_PIC = NO;
				GCC_OPTIMIZATION_LEVEL = 0;
				GCC_PREPROCESSOR_DEFINITIONS = (
					"DEBUG=1",
					"$(inherited)",
				);
				GCC_SYMBOLS_PRIVATE_EXTERN = NO;
				GCC_WARN_64_TO_32_BIT_CONVERSION = YES;
				GCC_WARN_ABOUT_RETURN_TYPE = YES_ERROR;
				GCC_WARN_UNDECLARED_SELECTOR = YES;
				GCC_WARN_UNINITIALIZED_AUTOS = YES_AGGRESSIVE;
				GCC_WARN_UNUSED_FUNCTION = YES;
				GCC_WARN_UNUSED_VARIABLE = YES;
				IPHONEOS_DEPLOYMENT_TARGET = 7.1;
				ONLY_ACTIVE_ARCH = YES;
				SDKROOT = iphoneos;
			};
			name = Debug;
		};
		1871995819AE797F002ABA55 /* Release */ = {
			isa = XCBuildConfiguration;
			buildSettings = {
				ALWAYS_SEARCH_USER_PATHS = NO;
				CLANG_CXX_LANGUAGE_STANDARD = "gnu++0x";
				CLANG_CXX_LIBRARY = "libc++";
				CLANG_ENABLE_MODULES = YES;
				CLANG_ENABLE_OBJC_ARC = YES;
				CLANG_WARN_BOOL_CONVERSION = YES;
				CLANG_WARN_CONSTANT_CONVERSION = YES;
				CLANG_WARN_DIRECT_OBJC_ISA_USAGE = YES_ERROR;
				CLANG_WARN_EMPTY_BODY = YES;
				CLANG_WARN_ENUM_CONVERSION = YES;
				CLANG_WARN_INT_CONVERSION = YES;
				CLANG_WARN_OBJC_ROOT_CLASS = YES_ERROR;
				CLANG_WARN__DUPLICATE_METHOD_MATCH = YES;
				"CODE_SIGN_IDENTITY[sdk=iphoneos*]" = "iPhone Developer";
				COPY_PHASE_STRIP = YES;
				ENABLE_NS_ASSERTIONS = NO;
				GCC_C_LANGUAGE_STANDARD = gnu99;
				GCC_WARN_64_TO_32_BIT_CONVERSION = YES;
				GCC_WARN_ABOUT_RETURN_TYPE = YES_ERROR;
				GCC_WARN_UNDECLARED_SELECTOR = YES;
				GCC_WARN_UNINITIALIZED_AUTOS = YES_AGGRESSIVE;
				GCC_WARN_UNUSED_FUNCTION = YES;
				GCC_WARN_UNUSED_VARIABLE = YES;
				IPHONEOS_DEPLOYMENT_TARGET = 7.1;
				SDKROOT = iphoneos;
				VALIDATE_PRODUCT = YES;
			};
			name = Release;
		};
		1871995A19AE797F002ABA55 /* Debug */ = {
			isa = XCBuildConfiguration;
			buildSettings = {
				ASSETCATALOG_COMPILER_APPICON_NAME = AppIcon;
				ASSETCATALOG_COMPILER_LAUNCHIMAGE_NAME = LaunchImage;
				GCC_PRECOMPILE_PREFIX_HEADER = YES;
				GCC_PREFIX_HEADER = "TableView/TableView-Prefix.pch";
				INFOPLIST_FILE = "TableView/TableView-Info.plist";
				PRODUCT_NAME = "$(TARGET_NAME)";
				WRAPPER_EXTENSION = app;
			};
			name = Debug;
		};
		1871995B19AE797F002ABA55 /* Release */ = {
			isa = XCBuildConfiguration;
			buildSettings = {
				ASSETCATALOG_COMPILER_APPICON_NAME = AppIcon;
				ASSETCATALOG_COMPILER_LAUNCHIMAGE_NAME = LaunchImage;
				GCC_PRECOMPILE_PREFIX_HEADER = YES;
				GCC_PREFIX_HEADER = "TableView/TableView-Prefix.pch";
				INFOPLIST_FILE = "TableView/TableView-Info.plist";
				PRODUCT_NAME = "$(TARGET_NAME)";
				WRAPPER_EXTENSION = app;
			};
			name = Release;
		};
		1871995D19AE797F002ABA55 /* Debug */ = {
			isa = XCBuildConfiguration;
			buildSettings = {
				BUNDLE_LOADER = "$(BUILT_PRODUCTS_DIR)/TableView.app/TableView";
				FRAMEWORK_SEARCH_PATHS = (
					"$(SDKROOT)/Developer/Library/Frameworks",
					"$(inherited)",
					"$(DEVELOPER_FRAMEWORKS_DIR)",
				);
				GCC_PRECOMPILE_PREFIX_HEADER = YES;
				GCC_PREFIX_HEADER = "TableView/TableView-Prefix.pch";
				GCC_PREPROCESSOR_DEFINITIONS = (
					"DEBUG=1",
					"$(inherited)",
				);
				INFOPLIST_FILE = "TableViewTests/TableViewTests-Info.plist";
				PRODUCT_NAME = "$(TARGET_NAME)";
				TEST_HOST = "$(BUNDLE_LOADER)";
				WRAPPER_EXTENSION = xctest;
			};
			name = Debug;
		};
		1871995E19AE797F002ABA55 /* Release */ = {
			isa = XCBuildConfiguration;
			buildSettings = {
				BUNDLE_LOADER = "$(BUILT_PRODUCTS_DIR)/TableView.app/TableView";
				FRAMEWORK_SEARCH_PATHS = (
					"$(SDKROOT)/Developer/Library/Frameworks",
					"$(inherited)",
					"$(DEVELOPER_FRAMEWORKS_DIR)",
				);
				GCC_PRECOMPILE_PREFIX_HEADER = YES;
				GCC_PREFIX_HEADER = "TableView/TableView-Prefix.pch";
				INFOPLIST_FILE = "TableViewTests/TableViewTests-Info.plist";
				PRODUCT_NAME = "$(TARGET_NAME)";
				TEST_HOST = "$(BUNDLE_LOADER)";
				WRAPPER_EXTENSION = xctest;
			};
			name = Release;
		};
/* End XCBuildConfiguration section */

/* Begin XCConfigurationList section */
		1871992219AE797D002ABA55 /* Build configuration list for PBXProject "TableView" */ = {
			isa = XCConfigurationList;
			buildConfigurations = (
				1871995719AE797F002ABA55 /* Debug */,
				1871995819AE797F002ABA55 /* Release */,
			);
			defaultConfigurationIsVisible = 0;
			defaultConfigurationName = Release;
		};
		1871995919AE797F002ABA55 /* Build configuration list for PBXNativeTarget "TableView" */ = {
			isa = XCConfigurationList;
			buildConfigurations = (
				1871995A19AE797F002ABA55 /* Debug */,
				1871995B19AE797F002ABA55 /* Release */,
			);
			defaultConfigurationIsVisible = 0;
			defaultConfigurationName = Release;
		};
		1871995C19AE797F002ABA55 /* Build configuration list for PBXNativeTarget "TableViewTests" */ = {
			isa = XCConfigurationList;
			buildConfigurations = (
				1871995D19AE797F002ABA55 /* Debug */,
				1871995E19AE797F002ABA55 /* Release */,
			);
			defaultConfigurationIsVisible = 0;
			defaultConfigurationName = Release;
		};
/* End XCConfigurationList section */
	};
	rootObject = 1871991F19AE797D002ABA55 /* Project object */;
}
